
Microsoft Visual Studio Solution File, Format Version 12.00
# Visual Studio 2012
Project("{FAE04EC0-301F-11D3-BF4B-00C04F79EFBC}") = "game_5.3.CSharp", "game_5.3.CSharp.csproj", "{E27D3794-D478-7D37-9A19-DB7E2FC4EBB2}"
EndProject
Project("{FAE04EC0-301F-11D3-BF4B-00C04F79EFBC}") = "game_5.3.CSharp.Editor", "game_5.3.CSharp.Editor.csproj", "{4482DC3F-50FC-A797-B300-E5FF50B7C3BF}"
EndProject
Global
	GlobalSection(SolutionConfigurationPlatforms) = preSolution
		Debug|Any CPU = Debug|Any CPU
		Release|Any CPU = Release|Any CPU
	EndGlobalSection
	GlobalSection(ProjectConfigurationPlatforms) = postSolution
		{E27D3794-D478-7D37-9A19-DB7E2FC4EBB2}.Debug|Any CPU.ActiveCfg = Debug|Any CPU
		{E27D3794-D478-7D37-9A19-DB7E2FC4EBB2}.Debug|Any CPU.Build.0 = Debug|Any CPU
		{E27D3794-D478-7D37-9A19-DB7E2FC4EBB2}.Release|Any CPU.ActiveCfg = Release|Any CPU
		{E27D3794-D478-7D37-9A19-DB7E2FC4EBB2}.Release|Any CPU.Build.0 = Release|Any CPU
		{4482DC3F-50FC-A797-B300-E5FF50B7C3BF}.Debug|Any CPU.ActiveCfg = Debug|Any CPU
		{4482DC3F-50FC-A797-B300-E5FF50B7C3BF}.Debug|Any CPU.Build.0 = Debug|Any CPU
		{4482DC3F-50FC-A797-B300-E5FF50B7C3BF}.Release|Any CPU.ActiveCfg = Release|Any CPU
		{4482DC3F-50FC-A797-B300-E5FF50B7C3BF}.Release|Any CPU.Build.0 = Release|Any CPU
	EndGlobalSection
	GlobalSection(SolutionProperties) = preSolution
		HideSolutionNode = FALSE
	EndGlobalSection
EndGlobal
